<?xml version="1.0" encoding="utf-8"?>
<Project ToolsVersion="4.0" xmlns="http://schemas.microsoft.com/developer/msbuild/2003">
  <ItemGroup>
    <Filter Include="Source Files">
      <UniqueIdentifier>{7163af6d-c556-4fd5-9766-30a582df26bf}</UniqueIdentifier>
      <Extensions>cpp;c;cxx;rc;def;r;odl;idl;hpj;bat</Extensions>
    </Filter>
    <Filter Include="Header Files">
      <UniqueIdentifier>{2477bccb-3a67-472d-a902-2076818a2545}</UniqueIdentifier>
      <Extensions>h;hpp;hxx;hm;inl</Extensions>
    </Filter>
    <Filter Include="Resource Files">
      <UniqueIdentifier>{b1da18b4-d986-4380-b659-583aa5728b5a}</UniqueIdentifier>
      <Extensions>ico;cur;bmp;dlg;rc2;rct;bin;rgs;gif;jpg;jpeg;jpe</Extensions>
    </Filter>
  </ItemGroup>
  <ItemGroup>
    <ClCompile Include="game.cpp">
      <Filter>Source Files</Filter>
    </ClCompile>
    <ClCompile Include="lang.cpp">
      <Filter>Source Files</Filter>
    </ClCompile>
    <ClCompile Include="save.cpp">
      <Filter>Source Files</Filter>
    </ClCompile>
    <ClCompile Include="xml.cpp">
      <Filter>Source Files</Filter>
    </ClCompile>
    <ClCompile Include="xmsol.cpp">
      <Filter>Source Files</Filter>
    </ClCompile>
    <ClCompile Include="bitmap.cpp">
      <Filter>Source Files</Filter>
    </ClCompile>
  </ItemGroup>
  <ItemGroup>
    <ResourceCompile Include="xmsol.rc">
      <Filter>Source Files</Filter>
    </ResourceCompile>
  </ItemGroup>
  <ItemGroup>
    <ClInclude Include="darray.h">
      <Filter>Header Files</Filter>
    </ClInclude>
    <ClInclude Include="hdr.h">
      <Filter>Header Files</Filter>
    </ClInclude>
    <ClInclude Include="lang.h">
      <Filter>Header Files</Filter>
    </ClInclude>
    <ClInclude Include="xml.h">
      <Filter>Header Files</Filter>
    </ClInclude>
    <ClInclude Include="xmsol.h">
      <Filter>Header Files</Filter>
    </ClInclude>
    <ClInclude Include="resource.h">
      <Filter>Resource Files</Filter>
    </ClInclude>
  </ItemGroup>
  <ItemGroup>
    <None Include="ascdesc.bmp">
      <Filter>Resource Files</Filter>
    </None>
    <None Include="CRU.cur">
      <Filter>Resource Files</Filter>
    </None>
    <None Include="soltool.bmp">
      <Filter>Resource Files</Filter>
    </None>
    <None Include="xmsol.ico">
      <Filter>Resource Files</Filter>
    </None>
  </ItemGroup>
</Project>